
Microsoft Visual Studio Solution File, Format Version 12.00
# Visual Studio Version 17
VisualStudioVersion = 17.10.35013.160
MinimumVisualStudioVersion = 10.0.40219.1
Project("{FAE04EC0-301F-11D3-BF4B-00C04F79EFBC}") = "E-Commerce", "E-Commerce\E-Commerce.csproj", "{FF9F1816-CA22-4185-B044-06325C269647}"
EndProject
Global
	GlobalSection(SolutionConfigurationPlatforms) = preSolution
		Debug|Any CPU = Debug|Any CPU
		Release|Any CPU = Release|Any CPU
	EndGlobalSection
	GlobalSection(ProjectConfigurationPlatforms) = postSolution
		{FF9F1816-CA22-4185-B044-06325C269647}.Debug|Any CPU.ActiveCfg = Debug|Any CPU
		{FF9F1816-CA22-4185-B044-06325C269647}.Debug|Any CPU.Build.0 = Debug|Any CPU
		{FF9F1816-CA22-4185-B044-06325C269647}.Release|Any CPU.ActiveCfg = Release|Any CPU
		{FF9F1816-CA22-4185-B044-06325C269647}.Release|Any CPU.Build.0 = Release|Any CPU
	EndGlobalSection
	GlobalSection(SolutionProperties) = preSolution
		HideSolutionNode = FALSE
	EndGlobalSection
	GlobalSection(ExtensibilityGlobals) = postSolution
		SolutionGuid = {00DBBEC0-0E8D-4C53-A675-8754757BB1B8}
	EndGlobalSection
EndGlobal
